// !$*UTF8*$!
{
	archiveVersion = 1;
	classes = {
	};
	objectVersion = 46;
	objects = {

/* Begin PBXBuildFile section */
		A187EA631CB59A4D00141720 /* AppDelegate.swift in Sources */ = {isa = PBXBuildFile; fileRef = A187EA621CB59A4D00141720 /* AppDelegate.swift */; };
		A187EA651CB59A4D00141720 /* ViewController.swift in Sources */ = {isa = PBXBuildFile; fileRef = A187EA641CB59A4D00141720 /* ViewController.swift */; };
		A187EA681CB59A4D00141720 /* Main.storyboard in Resources */ = {isa = PBXBuildFile; fileRef = A187EA661CB59A4D00141720 /* Main.storyboard */; };
		A187EA6B1CB59A4D00141720 /* pokedex.xcdatamodeld in Sources */ = {isa = PBXBuildFile; fileRef = A187EA691CB59A4D00141720 /* pokedex.xcdatamodeld */; };
		A187EA6D1CB59A4D00141720 /* Assets.xcassets in Resources */ = {isa = PBXBuildFile; fileRef = A187EA6C1CB59A4D00141720 /* Assets.xcassets */; };
		A187EA701CB59A4D00141720 /* LaunchScreen.storyboard in Resources */ = {isa = PBXBuildFile; fileRef = A187EA6E1CB59A4D00141720 /* LaunchScreen.storyboard */; };
/* End PBXBuildFile section */

/* Begin PBXFileReference section */
		A187EA5F1CB59A4D00141720 /* pokedex.app */ = {isa = PBXFileReference; explicitFileType = wrapper.application; includeInIndex = 0; path = pokedex.app; sourceTree = BUILT_PRODUCTS_DIR; };
		A187EA621CB59A4D00141720 /* AppDelegate.swift */ = {isa = PBXFileReference; lastKnownFileType = sourcecode.swift; path = AppDelegate.swift; sourceTree = "<group>"; };
		A187EA641CB59A4D00141720 /* ViewController.swift */ = {isa = PBXFileReference; lastKnownFileType = sourcecode.swift; path = ViewController.swift; sourceTree = "<group>"; };
		A187EA671CB59A4D00141720 /* Base */ = {isa = PBXFileReference; lastKnownFileType = file.storyboard; name = Base; path = Base.lproj/Main.storyboard; sourceTree = "<group>"; };
		A187EA6A1CB59A4D00141720 /* pokedex.xcdatamodel */ = {isa = PBXFileReference; lastKnownFileType = wrapper.xcdatamodel; path = pokedex.xcdatamodel; sourceTree = "<group>"; };
		A187EA6C1CB59A4D00141720 /* Assets.xcassets */ = {isa = PBXFileReference; lastKnownFileType = folder.assetcatalog; path = Assets.xcassets; sourceTree = "<group>"; };
		A187EA6F1CB59A4D00141720 /* Base */ = {isa = PBXFileReference; lastKnownFileType = file.storyboard; name = Base; path = Base.lproj/LaunchScreen.storyboard; sourceTree = "<group>"; };
		A187EA711CB59A4D00141720 /* Info.plist */ = {isa = PBXFileReference; lastKnownFileType = text.plist.xml; path = Info.plist; sourceTree = "<group>"; };
/* End PBXFileReference section */

/* Begin PBXFrameworksBuildPhase section */
		A187EA5C1CB59A4D00141720 /* Frameworks */ = {
			isa = PBXFrameworksBuildPhase;
			buildActionMask = 2147483647;
			files = (
			);
			runOnlyForDeploymentPostprocessing = 0;
		};
/* End PBXFrameworksBuildPhase section */

/* Begin PBXGroup section */
		A187EA561CB59A4D00141720 = {
			isa = PBXGroup;
			children = (
				A187EA611CB59A4D00141720 /* pokedex */,
				A187EA601CB59A4D00141720 /* Products */,
			);
			sourceTree = "<group>";
		};
		A187EA601CB59A4D00141720 /* Products */ = {
			isa = PBXGroup;
			children = (
				A187EA5F1CB59A4D00141720 /* pokedex.app */,
			);
			name = Products;
			sourceTree = "<group>";
		};
		A187EA611CB59A4D00141720 /* pokedex */ = {
			isa = PBXGroup;
			children = (
				A187EA621CB59A4D00141720 /* AppDelegate.swift */,
				A187EA641CB59A4D00141720 /* ViewController.swift */,
				A187EA661CB59A4D00141720 /* Main.storyboard */,
				A187EA6C1CB59A4D00141720 /* Assets.xcassets */,
				A187EA6E1CB59A4D00141720 /* LaunchScreen.storyboard */,
				A187EA711CB59A4D00141720 /* Info.plist */,
				A187EA691CB59A4D00141720 /* pokedex.xcdatamodeld */,
			);
			path = pokedex;
			sourceTree = "<group>";
		};
/* End PBXGroup section */

/* Begin PBXNativeTarget section */
		A187EA5E1CB59A4D00141720 /* pokedex */ = {
			isa = PBXNativeTarget;
			buildConfigurationList = A187EA741CB59A4D00141720 /* Build configuration list for PBXNativeTarget "pokedex" */;
			buildPhases = (
				A187EA5B1CB59A4D00141720 /* Sources */,
				A187EA5C1CB59A4D00141720 /* Frameworks */,
				A187EA5D1CB59A4D00141720 /* Resources */,
			);
			buildRules = (
			);
			dependencies = (
			);
			name = pokedex;
			productName = pokedex;
			productReference = A187EA5F1CB59A4D00141720 /* pokedex.app */;
			productType = "com.apple.product-type.application";
		};
/* End PBXNativeTarget section */

/* Begin PBXProject section */
		A187EA571CB59A4D00141720 /* Project object */ = {
			isa = PBXProject;
			attributes = {
				LastSwiftUpdateCheck = 0720;
				LastUpgradeCheck = 0720;
				ORGANIZATIONNAME = "Chris Hovey";
				TargetAttributes = {
					A187EA5E1CB59A4D00141720 = {
						CreatedOnToolsVersion = 7.2;
						DevelopmentTeam = 3723XBBGR7;
					};
				};
			};
			buildConfigurationList = A187EA5A1CB59A4D00141720 /* Build configuration list for PBXProject "pokedex" */;
			compatibilityVersion = "Xcode 3.2";
			developmentRegion = English;
			hasScannedForEncodings = 0;
			knownRegions = (
				en,
				Base,
			);
			mainGroup = A187EA561CB59A4D00141720;
			productRefGroup = A187EA601CB59A4D00141720 /* Products */;
			projectDirPath = "";
			projectRoot = "";
			targets = (
				A187EA5E1CB59A4D00141720 /* pokedex */,
			);
		};
/* End PBXProject section */

/* Begin PBXResourcesBuildPhase section */
		A187EA5D1CB59A4D00141720 /* Resources */ = {
			isa = PBXResourcesBuildPhase;
			buildActionMask = 2147483647;
			files = (
				A187EA701CB59A4D00141720 /* LaunchScreen.storyboard in Resources */,
				A187EA6D1CB59A4D00141720 /* Assets.xcassets in Resources */,
				A187EA681CB59A4D00141720 /* Main.storyboard in Resources */,
			);
			runOnlyForDeploymentPostprocessing = 0;
		};
/* End PBXResourcesBuildPhase section */

/* Begin PBXSourcesBuildPhase section */
		A187EA5B1CB59A4D00141720 /* Sources */ = {
			isa = PBXSourcesBuildPhase;
			buildActionMask = 2147483647;
			files = (
				A187EA6B1CB59A4D00141720 /* pokedex.xcdatamodeld in Sources */,
				A187EA651CB59A4D00141720 /* ViewController.swift in Sources */,
				A187EA631CB59A4D00141720 /* AppDelegate.swift in Sources */,
			);
			runOnlyForDeploymentPostprocessing = 0;
		};
/* End PBXSourcesBuildPhase section */

/* Begin PBXVariantGroup section */
		A187EA661CB59A4D00141720 /* Main.storyboard */ = {
			isa = PBXVariantGroup;
			children = (
				A187EA671CB59A4D00141720 /* Base */,
			);
			name = Main.storyboard;
			sourceTree = "<group>";
		};
		A187EA6E1CB59A4D00141720 /* LaunchScreen.storyboard */ = {
			isa = PBXVariantGroup;
			children = (
				A187EA6F1CB59A4D00141720 /* Base */,
			);
			name = LaunchScreen.storyboard;
			sourceTree = "<group>";
		};
/* End PBXVariantGroup section */

/* Begin XCBuildConfiguration section */
		A187EA721CB59A4D00141720 /* Debug */ = {
			isa = XCBuildConfiguration;
			buildSettings = {
				ALWAYS_SEARCH_USER_PATHS = NO;
				CLANG_CXX_LANGUAGE_STANDARD = "gnu++0x";
				CLANG_CXX_LIBRARY = "libc++";
				CLANG_ENABLE_MODULES = YES;
				CLANG_ENABLE_OBJC_ARC = YES;
				CLANG_WARN_BOOL_CONVERSION = YES;
				CLANG_WARN_CONSTANT_CONVERSION = YES;
				CLANG_WARN_DIRECT_OBJC_ISA_USAGE = YES_ERROR;
				CLANG_WARN_EMPTY_BODY = YES;
				CLANG_WARN_ENUM_CONVERSION = YES;
				CLANG_WARN_INT_CONVERSION = YES;
				CLANG_WARN_OBJC_ROOT_CLASS = YES_ERROR;
				CLANG_WARN_UNREACHABLE_CODE = YES;
				CLANG_WARN__DUPLICATE_METHOD_MATCH = YES;
				"CODE_SIGN_IDENTITY[sdk=iphoneos*]" = "iPhone Developer";
				COPY_PHASE_STRIP = NO;
				DEBUG_INFORMATION_FORMAT = dwarf;
				ENABLE_STRICT_OBJC_MSGSEND = YES;
				ENABLE_TESTABILITY = YES;
				GCC_C_LANGUAGE_STANDARD = gnu99;
				GCC_DYNAMIC_NO_PIC = NO;
				GCC_NO_COMMON_BLOCKS = YES;
				GCC_OPTIMIZATION_LEVEL = 0;
				GCC_PREPROCESSOR_DEFINITIONS = (
					"DEBUG=1",
					"$(inherited)",
				);
				GCC_WARN_64_TO_32_BIT_CONVERSION = YES;
				GCC_WARN_ABOUT_RETURN_TYPE = YES_ERROR;
				GCC_WARN_UNDECLARED_SELECTOR = YES;
				GCC_WARN_UNINITIALIZED_AUTOS = YES_AGGRESSIVE;
				GCC_WARN_UNUSED_FUNCTION = YES;
				GCC_WARN_UNUSED_VARIABLE = YES;
				IPHONEOS_DEPLOYMENT_TARGET = 9.2;
				MTL_ENABLE_DEBUG_INFO = YES;
				ONLY_ACTIVE_ARCH = YES;
				SDKROOT = iphoneos;
				SWIFT_OPTIMIZATION_LEVEL = "-Onone";
				TARGETED_DEVICE_FAMILY = "1,2";
			};
			name = Debug;
		};
		A187EA731CB59A4D00141720 /* Release */ = {
			isa = XCBuildConfiguration;
			buildSettings = {
				ALWAYS_SEARCH_USER_PATHS = NO;
				CLANG_CXX_LANGUAGE_STANDARD = "gnu++0x";
				CLANG_CXX_LIBRARY = "libc++";
				CLANG_ENABLE_MODULES = YES;
				CLANG_ENABLE_OBJC_ARC = YES;
				CLANG_WARN_BOOL_CONVERSION = YES;
				CLANG_WARN_CONSTANT_CONVERSION = YES;
				CLANG_WARN_DIRECT_OBJC_ISA_USAGE = YES_ERROR;
				CLANG_WARN_EMPTY_BODY = YES;
				CLANG_WARN_ENUM_CONVERSION = YES;
				CLANG_WARN_INT_CONVERSION = YES;
				CLANG_WARN_OBJC_ROOT_CLASS = YES_ERROR;
				CLANG_WARN_UNREACHABLE_CODE = YES;
				CLANG_WARN__DUPLICATE_METHOD_MATCH = YES;
				"CODE_SIGN_IDENTITY[sdk=iphoneos*]" = "iPhone Developer";
				COPY_PHASE_STRIP = NO;
				DEBUG_INFORMATION_FORMAT = "dwarf-with-dsym";
				ENABLE_NS_ASSERTIONS = NO;
				ENABLE_STRICT_OBJC_MSGSEND = YES;
				GCC_C_LANGUAGE_STANDARD = gnu99;
				GCC_NO_COMMON_BLOCKS = YES;
				GCC_WARN_64_TO_32_BIT_CONVERSION = YES;
				GCC_WARN_ABOUT_RETURN_TYPE = YES_ERROR;
				GCC_WARN_UNDECLARED_SELECTOR = YES;
				GCC_WARN_UNINITIALIZED_AUTOS = YES_AGGRESSIVE;
				GCC_WARN_UNUSED_FUNCTION = YES;
				GCC_WARN_UNUSED_VARIABLE = YES;
				IPHONEOS_DEPLOYMENT_TARGET = 9.2;
				MTL_ENABLE_DEBUG_INFO = NO;
				SDKROOT = iphoneos;
				TARGETED_DEVICE_FAMILY = "1,2";
				VALIDATE_PRODUCT = YES;
			};
			name = Release;
		};
		A187EA751CB59A4D00141720 /* Debug */ = {
			isa = XCBuildConfiguration;
			buildSettings = {
				ASSETCATALOG_COMPILER_APPICON_NAME = AppIcon;
				INFOPLIST_FILE = pokedex/Info.plist;
				LD_RUNPATH_SEARCH_PATHS = "$(inherited) @executable_path/Frameworks";
				PRODUCT_BUNDLE_IDENTIFIER = com.chrishovey.pokedex;
				PRODUCT_NAME = "$(TARGET_NAME)";
			};
			name = Debug;
		};
		A187EA761CB59A4D00141720 /* Release */ = {
			isa = XCBuildConfiguration;
			buildSettings = {
				ASSETCATALOG_COMPILER_APPICON_NAME = AppIcon;
				INFOPLIST_FILE = pokedex/Info.plist;
				LD_RUNPATH_SEARCH_PATHS = "$(inherited) @executable_path/Frameworks";
				PRODUCT_BUNDLE_IDENTIFIER = com.chrishovey.pokedex;
				PRODUCT_NAME = "$(TARGET_NAME)";
			};
			name = Release;
		};
/* End XCBuildConfiguration section */

/* Begin XCConfigurationList section */
		A187EA5A1CB59A4D00141720 /* Build configuration list for PBXProject "pokedex" */ = {
			isa = XCConfigurationList;
			buildConfigurations = (
				A187EA721CB59A4D00141720 /* Debug */,
				A187EA731CB59A4D00141720 /* Release */,
			);
			defaultConfigurationIsVisible = 0;
			defaultConfigurationName = Release;
		};
		A187EA741CB59A4D00141720 /* Build configuration list for PBXNativeTarget "pokedex" */ = {
			isa = XCConfigurationList;
			buildConfigurations = (
				A187EA751CB59A4D00141720 /* Debug */,
				A187EA761CB59A4D00141720 /* Release */,
			);
			defaultConfigurationIsVisible = 0;
		};
/* End XCConfigurationList section */

/* Begin XCVersionGroup section */
		A187EA691CB59A4D00141720 /* pokedex.xcdatamodeld */ = {
			isa = XCVersionGroup;
			children = (
				A187EA6A1CB59A4D00141720 /* pokedex.xcdatamodel */,
			);
			currentVersion = A187EA6A1CB59A4D00141720 /* pokedex.xcdatamodel */;
			path = pokedex.xcdatamodeld;
			sourceTree = "<group>";
			versionGroupType = wrapper.xcdatamodel;
		};
/* End XCVersionGroup section */
	};
	rootObject = A187EA571CB59A4D00141720 /* Project object */;
}
